
Microsoft Visual Studio Solution File, Format Version 12.00
# Visual Studio Version 17
VisualStudioVersion = 17.0.32014.148
MinimumVisualStudioVersion = 10.0.40219.1
Project("{FAE04EC0-301F-11D3-BF4B-00C04F79EFBC}") = "src", "src.csproj", "{748AAF28-7035-47BF-86F3-85A2264B23EC}"
EndProject
Global
	GlobalSection(SolutionConfigurationPlatforms) = preSolution
		Debug|Any CPU = Debug|Any CPU
		Release|Any CPU = Release|Any CPU
	EndGlobalSection
	GlobalSection(ProjectConfigurationPlatforms) = postSolution
		{748AAF28-7035-47BF-86F3-85A2264B23EC}.Debug|Any CPU.ActiveCfg = Debug|Any CPU
		{748AAF28-7035-47BF-86F3-85A2264B23EC}.Debug|Any CPU.Build.0 = Debug|Any CPU
		{748AAF28-7035-47BF-86F3-85A2264B23EC}.Release|Any CPU.ActiveCfg = Release|Any CPU
		{748AAF28-7035-47BF-86F3-85A2264B23EC}.Release|Any CPU.Build.0 = Release|Any CPU
	EndGlobalSection
	GlobalSection(SolutionProperties) = preSolution
		HideSolutionNode = FALSE
	EndGlobalSection
	GlobalSection(ExtensibilityGlobals) = postSolution
		SolutionGuid = {1250F83E-F709-4A07-8071-30836E2B9CBA}
	EndGlobalSection
EndGlobal
